
Microsoft Visual Studio Solution File, Format Version 12.00
# Visual Studio Version 17
VisualStudioVersion = 17.4.33205.214
MinimumVisualStudioVersion = 10.0.40219.1
Project("{9A19103F-16F7-4668-BE54-9A1E7A4F7556}") = "CeroGame", "CeroGame\CeroGame.csproj", "{65C307CF-73EA-45E2-AA76-6557C72BC3DD}"
EndProject
Project("{9A19103F-16F7-4668-BE54-9A1E7A4F7556}") = "CeroGame.GamePresentation", "CeroGame.GamePresentation\CeroGame.GamePresentation.csproj", "{DDAD9DC8-F9E9-486A-AEBF-2E56A6D465A0}"
EndProject
Project("{9A19103F-16F7-4668-BE54-9A1E7A4F7556}") = "CeroGame.GameService", "CeroGame.GameService\CeroGame.GameService.csproj", "{30E2988C-5D2A-4238-B8C8-0EE704E57244}"
EndProject
Global
	GlobalSection(SolutionConfigurationPlatforms) = preSolution
		Debug|Any CPU = Debug|Any CPU
		Release|Any CPU = Release|Any CPU
	EndGlobalSection
	GlobalSection(ProjectConfigurationPlatforms) = postSolution
		{65C307CF-73EA-45E2-AA76-6557C72BC3DD}.Debug|Any CPU.ActiveCfg = Debug|Any CPU
		{65C307CF-73EA-45E2-AA76-6557C72BC3DD}.Debug|Any CPU.Build.0 = Debug|Any CPU
		{65C307CF-73EA-45E2-AA76-6557C72BC3DD}.Release|Any CPU.ActiveCfg = Release|Any CPU
		{65C307CF-73EA-45E2-AA76-6557C72BC3DD}.Release|Any CPU.Build.0 = Release|Any CPU
		{DDAD9DC8-F9E9-486A-AEBF-2E56A6D465A0}.Debug|Any CPU.ActiveCfg = Debug|Any CPU
		{DDAD9DC8-F9E9-486A-AEBF-2E56A6D465A0}.Debug|Any CPU.Build.0 = Debug|Any CPU
		{DDAD9DC8-F9E9-486A-AEBF-2E56A6D465A0}.Release|Any CPU.ActiveCfg = Release|Any CPU
		{DDAD9DC8-F9E9-486A-AEBF-2E56A6D465A0}.Release|Any CPU.Build.0 = Release|Any CPU
		{30E2988C-5D2A-4238-B8C8-0EE704E57244}.Debug|Any CPU.ActiveCfg = Debug|Any CPU
		{30E2988C-5D2A-4238-B8C8-0EE704E57244}.Debug|Any CPU.Build.0 = Debug|Any CPU
		{30E2988C-5D2A-4238-B8C8-0EE704E57244}.Release|Any CPU.ActiveCfg = Release|Any CPU
		{30E2988C-5D2A-4238-B8C8-0EE704E57244}.Release|Any CPU.Build.0 = Release|Any CPU
	EndGlobalSection
	GlobalSection(SolutionProperties) = preSolution
		HideSolutionNode = FALSE
	EndGlobalSection
	GlobalSection(ExtensibilityGlobals) = postSolution
		SolutionGuid = {BC896FD7-5456-4BB4-A9C8-CBA0ED631960}
	EndGlobalSection
EndGlobal
